// !$*UTF8*$!
{
	archiveVersion = 1;
	classes = {
	};
	objectVersion = 56;
	objects = {

/* Begin PBXBuildFile section */
		33101A0628A6CB4A00BBC8D8 /* MapViewController.swift in Sources */ = {isa = PBXBuildFile; fileRef = 33101A0528A6CB4A00BBC8D8 /* MapViewController.swift */; };
		337F862428A58383000CD214 /* AppDelegate.swift in Sources */ = {isa = PBXBuildFile; fileRef = 337F862328A58383000CD214 /* AppDelegate.swift */; };
		337F862628A58383000CD214 /* SceneDelegate.swift in Sources */ = {isa = PBXBuildFile; fileRef = 337F862528A58383000CD214 /* SceneDelegate.swift */; };
		337F862828A58383000CD214 /* ConversionViewController.swift in Sources */ = {isa = PBXBuildFile; fileRef = 337F862728A58383000CD214 /* ConversionViewController.swift */; };
		337F862B28A58383000CD214 /* Main.storyboard in Resources */ = {isa = PBXBuildFile; fileRef = 337F862928A58383000CD214 /* Main.storyboard */; };
		337F862D28A58384000CD214 /* Assets.xcassets in Resources */ = {isa = PBXBuildFile; fileRef = 337F862C28A58384000CD214 /* Assets.xcassets */; };
		337F863028A58384000CD214 /* LaunchScreen.storyboard in Resources */ = {isa = PBXBuildFile; fileRef = 337F862E28A58384000CD214 /* LaunchScreen.storyboard */; };
		337F863B28A58384000CD214 /* WorldTrotter2Tests.swift in Sources */ = {isa = PBXBuildFile; fileRef = 337F863A28A58384000CD214 /* WorldTrotter2Tests.swift */; };
		337F864528A58384000CD214 /* WorldTrotter2UITests.swift in Sources */ = {isa = PBXBuildFile; fileRef = 337F864428A58384000CD214 /* WorldTrotter2UITests.swift */; };
		337F864728A58384000CD214 /* WorldTrotter2UITestsLaunchTests.swift in Sources */ = {isa = PBXBuildFile; fileRef = 337F864628A58384000CD214 /* WorldTrotter2UITestsLaunchTests.swift */; };
/* End PBXBuildFile section */

/* Begin PBXContainerItemProxy section */
		337F863728A58384000CD214 /* PBXContainerItemProxy */ = {
			isa = PBXContainerItemProxy;
			containerPortal = 337F861828A58383000CD214 /* Project object */;
			proxyType = 1;
			remoteGlobalIDString = 337F861F28A58383000CD214;
			remoteInfo = WorldTrotter2;
		};
		337F864128A58384000CD214 /* PBXContainerItemProxy */ = {
			isa = PBXContainerItemProxy;
			containerPortal = 337F861828A58383000CD214 /* Project object */;
			proxyType = 1;
			remoteGlobalIDString = 337F861F28A58383000CD214;
			remoteInfo = WorldTrotter2;
		};
/* End PBXContainerItemProxy section */

/* Begin PBXFileReference section */
		33101A0528A6CB4A00BBC8D8 /* MapViewController.swift */ = {isa = PBXFileReference; lastKnownFileType = sourcecode.swift; path = MapViewController.swift; sourceTree = "<group>"; };
		337F862028A58383000CD214 /* WorldTrotter2.app */ = {isa = PBXFileReference; explicitFileType = wrapper.application; includeInIndex = 0; path = WorldTrotter2.app; sourceTree = BUILT_PRODUCTS_DIR; };
		337F862328A58383000CD214 /* AppDelegate.swift */ = {isa = PBXFileReference; lastKnownFileType = sourcecode.swift; path = AppDelegate.swift; sourceTree = "<group>"; };
		337F862528A58383000CD214 /* SceneDelegate.swift */ = {isa = PBXFileReference; lastKnownFileType = sourcecode.swift; path = SceneDelegate.swift; sourceTree = "<group>"; };
		337F862728A58383000CD214 /* ConversionViewController.swift */ = {isa = PBXFileReference; lastKnownFileType = sourcecode.swift; path = ConversionViewController.swift; sourceTree = "<group>"; };
		337F862A28A58383000CD214 /* Base */ = {isa = PBXFileReference; lastKnownFileType = file.storyboard; name = Base; path = Base.lproj/Main.storyboard; sourceTree = "<group>"; };
		337F862C28A58384000CD214 /* Assets.xcassets */ = {isa = PBXFileReference; lastKnownFileType = folder.assetcatalog; path = Assets.xcassets; sourceTree = "<group>"; };
		337F862F28A58384000CD214 /* Base */ = {isa = PBXFileReference; lastKnownFileType = file.storyboard; name = Base; path = Base.lproj/LaunchScreen.storyboard; sourceTree = "<group>"; };
		337F863128A58384000CD214 /* Info.plist */ = {isa = PBXFileReference; lastKnownFileType = text.plist.xml; path = Info.plist; sourceTree = "<group>"; };
		337F863628A58384000CD214 /* WorldTrotter2Tests.xctest */ = {isa = PBXFileReference; explicitFileType = wrapper.cfbundle; includeInIndex = 0; path = WorldTrotter2Tests.xctest; sourceTree = BUILT_PRODUCTS_DIR; };
		337F863A28A58384000CD214 /* WorldTrotter2Tests.swift */ = {isa = PBXFileReference; lastKnownFileType = sourcecode.swift; path = WorldTrotter2Tests.swift; sourceTree = "<group>"; };
		337F864028A58384000CD214 /* WorldTrotter2UITests.xctest */ = {isa = PBXFileReference; explicitFileType = wrapper.cfbundle; includeInIndex = 0; path = WorldTrotter2UITests.xctest; sourceTree = BUILT_PRODUCTS_DIR; };
		337F864428A58384000CD214 /* WorldTrotter2UITests.swift */ = {isa = PBXFileReference; lastKnownFileType = sourcecode.swift; path = WorldTrotter2UITests.swift; sourceTree = "<group>"; };
		337F864628A58384000CD214 /* WorldTrotter2UITestsLaunchTests.swift */ = {isa = PBXFileReference; lastKnownFileType = sourcecode.swift; path = WorldTrotter2UITestsLaunchTests.swift; sourceTree = "<group>"; };
/* End PBXFileReference section */

/* Begin PBXFrameworksBuildPhase section */
		337F861D28A58383000CD214 /* Frameworks */ = {
			isa = PBXFrameworksBuildPhase;
			buildActionMask = 2147483647;
			files = (
			);
			runOnlyForDeploymentPostprocessing = 0;
		};
		337F863328A58384000CD214 /* Frameworks */ = {
			isa = PBXFrameworksBuildPhase;
			buildActionMask = 2147483647;
			files = (
			);
			runOnlyForDeploymentPostprocessing = 0;
		};
		337F863D28A58384000CD214 /* Frameworks */ = {
			isa = PBXFrameworksBuildPhase;
			buildActionMask = 2147483647;
			files = (
			);
			runOnlyForDeploymentPostprocessing = 0;
		};
/* End PBXFrameworksBuildPhase section */

/* Begin PBXGroup section */
		337F861728A58383000CD214 = {
			isa = PBXGroup;
			children = (
				337F862228A58383000CD214 /* WorldTrotter2 */,
				337F863928A58384000CD214 /* WorldTrotter2Tests */,
				337F864328A58384000CD214 /* WorldTrotter2UITests */,
				337F862128A58383000CD214 /* Products */,
			);
			sourceTree = "<group>";
		};
		337F862128A58383000CD214 /* Products */ = {
			isa = PBXGroup;
			children = (
				337F862028A58383000CD214 /* WorldTrotter2.app */,
				337F863628A58384000CD214 /* WorldTrotter2Tests.xctest */,
				337F864028A58384000CD214 /* WorldTrotter2UITests.xctest */,
			);
			name = Products;
			sourceTree = "<group>";
		};
		337F862228A58383000CD214 /* WorldTrotter2 */ = {
			isa = PBXGroup;
			children = (
				337F862328A58383000CD214 /* AppDelegate.swift */,
				337F862528A58383000CD214 /* SceneDelegate.swift */,
				337F862728A58383000CD214 /* ConversionViewController.swift */,
				33101A0528A6CB4A00BBC8D8 /* MapViewController.swift */,
				337F862928A58383000CD214 /* Main.storyboard */,
				337F862C28A58384000CD214 /* Assets.xcassets */,
				337F862E28A58384000CD214 /* LaunchScreen.storyboard */,
				337F863128A58384000CD214 /* Info.plist */,
			);
			path = WorldTrotter2;
			sourceTree = "<group>";
		};
		337F863928A58384000CD214 /* WorldTrotter2Tests */ = {
			isa = PBXGroup;
			children = (
				337F863A28A58384000CD214 /* WorldTrotter2Tests.swift */,
			);
			path = WorldTrotter2Tests;
			sourceTree = "<group>";
		};
		337F864328A58384000CD214 /* WorldTrotter2UITests */ = {
			isa = PBXGroup;
			children = (
				337F864428A58384000CD214 /* WorldTrotter2UITests.swift */,
				337F864628A58384000CD214 /* WorldTrotter2UITestsLaunchTests.swift */,
			);
			path = WorldTrotter2UITests;
			sourceTree = "<group>";
		};
/* End PBXGroup section */

/* Begin PBXNativeTarget section */
		337F861F28A58383000CD214 /* WorldTrotter2 */ = {
			isa = PBXNativeTarget;
			buildConfigurationList = 337F864A28A58384000CD214 /* Build configuration list for PBXNativeTarget "WorldTrotter2" */;
			buildPhases = (
				337F861C28A58383000CD214 /* Sources */,
				337F861D28A58383000CD214 /* Frameworks */,
				337F861E28A58383000CD214 /* Resources */,
			);
			buildRules = (
			);
			dependencies = (
			);
			name = WorldTrotter2;
			productName = WorldTrotter2;
			productReference = 337F862028A58383000CD214 /* WorldTrotter2.app */;
			productType = "com.apple.product-type.application";
		};
		337F863528A58384000CD214 /* WorldTrotter2Tests */ = {
			isa = PBXNativeTarget;
			buildConfigurationList = 337F864D28A58384000CD214 /* Build configuration list for PBXNativeTarget "WorldTrotter2Tests" */;
			buildPhases = (
				337F863228A58384000CD214 /* Sources */,
				337F863328A58384000CD214 /* Frameworks */,
				337F863428A58384000CD214 /* Resources */,
			);
			buildRules = (
			);
			dependencies = (
				337F863828A58384000CD214 /* PBXTargetDependency */,
			);
			name = WorldTrotter2Tests;
			productName = WorldTrotter2Tests;
			productReference = 337F863628A58384000CD214 /* WorldTrotter2Tests.xctest */;
			productType = "com.apple.product-type.bundle.unit-test";
		};
		337F863F28A58384000CD214 /* WorldTrotter2UITests */ = {
			isa = PBXNativeTarget;
			buildConfigurationList = 337F865028A58384000CD214 /* Build configuration list for PBXNativeTarget "WorldTrotter2UITests" */;
			buildPhases = (
				337F863C28A58384000CD214 /* Sources */,
				337F863D28A58384000CD214 /* Frameworks */,
				337F863E28A58384000CD214 /* Resources */,
			);
			buildRules = (
			);
			dependencies = (
				337F864228A58384000CD214 /* PBXTargetDependency */,
			);
			name = WorldTrotter2UITests;
			productName = WorldTrotter2UITests;
			productReference = 337F864028A58384000CD214 /* WorldTrotter2UITests.xctest */;
			productType = "com.apple.product-type.bundle.ui-testing";
		};
/* End PBXNativeTarget section */

/* Begin PBXProject section */
		337F861828A58383000CD214 /* Project object */ = {
			isa = PBXProject;
			attributes = {
				BuildIndependentTargetsInParallel = 1;
				LastSwiftUpdateCheck = 1400;
				LastUpgradeCheck = 1400;
				TargetAttributes = {
					337F861F28A58383000CD214 = {
						CreatedOnToolsVersion = 14.0;
					};
					337F863528A58384000CD214 = {
						CreatedOnToolsVersion = 14.0;
						TestTargetID = 337F861F28A58383000CD214;
					};
					337F863F28A58384000CD214 = {
						CreatedOnToolsVersion = 14.0;
						TestTargetID = 337F861F28A58383000CD214;
					};
				};
			};
			buildConfigurationList = 337F861B28A58383000CD214 /* Build configuration list for PBXProject "WorldTrotter2" */;
			compatibilityVersion = "Xcode 14.0";
			developmentRegion = en;
			hasScannedForEncodings = 0;
			knownRegions = (
				en,
				Base,
			);
			mainGroup = 337F861728A58383000CD214;
			productRefGroup = 337F862128A58383000CD214 /* Products */;
			projectDirPath = "";
			projectRoot = "";
			targets = (
				337F861F28A58383000CD214 /* WorldTrotter2 */,
				337F863528A58384000CD214 /* WorldTrotter2Tests */,
				337F863F28A58384000CD214 /* WorldTrotter2UITests */,
			);
		};
/* End PBXProject section */

/* Begin PBXResourcesBuildPhase section */
		337F861E28A58383000CD214 /* Resources */ = {
			isa = PBXResourcesBuildPhase;
			buildActionMask = 2147483647;
			files = (
				337F863028A58384000CD214 /* LaunchScreen.storyboard in Resources */,
				337F862D28A58384000CD214 /* Assets.xcassets in Resources */,
				337F862B28A58383000CD214 /* Main.storyboard in Resources */,
			);
			runOnlyForDeploymentPostprocessing = 0;
		};
		337F863428A58384000CD214 /* Resources */ = {
			isa = PBXResourcesBuildPhase;
			buildActionMask = 2147483647;
			files = (
			);
			runOnlyForDeploymentPostprocessing = 0;
		};
		337F863E28A58384000CD214 /* Resources */ = {
			isa = PBXResourcesBuildPhase;
			buildActionMask = 2147483647;
			files = (
			);
			runOnlyForDeploymentPostprocessing = 0;
		};
/* End PBXResourcesBuildPhase section */

/* Begin PBXSourcesBuildPhase section */
		337F861C28A58383000CD214 /* Sources */ = {
			isa = PBXSourcesBuildPhase;
			buildActionMask = 2147483647;
			files = (
				337F862828A58383000CD214 /* ConversionViewController.swift in Sources */,
				337F862428A58383000CD214 /* AppDelegate.swift in Sources */,
				337F862628A58383000CD214 /* SceneDelegate.swift in Sources */,
				33101A0628A6CB4A00BBC8D8 /* MapViewController.swift in Sources */,
			);
			runOnlyForDeploymentPostprocessing = 0;
		};
		337F863228A58384000CD214 /* Sources */ = {
			isa = PBXSourcesBuildPhase;
			buildActionMask = 2147483647;
			files = (
				337F863B28A58384000CD214 /* WorldTrotter2Tests.swift in Sources */,
			);
			runOnlyForDeploymentPostprocessing = 0;
		};
		337F863C28A58384000CD214 /* Sources */ = {
			isa = PBXSourcesBuildPhase;
			buildActionMask = 2147483647;
			files = (
				337F864528A58384000CD214 /* WorldTrotter2UITests.swift in Sources */,
				337F864728A58384000CD214 /* WorldTrotter2UITestsLaunchTests.swift in Sources */,
			);
			runOnlyForDeploymentPostprocessing = 0;
		};
/* End PBXSourcesBuildPhase section */

/* Begin PBXTargetDependency section */
		337F863828A58384000CD214 /* PBXTargetDependency */ = {
			isa = PBXTargetDependency;
			target = 337F861F28A58383000CD214 /* WorldTrotter2 */;
			targetProxy = 337F863728A58384000CD214 /* PBXContainerItemProxy */;
		};
		337F864228A58384000CD214 /* PBXTargetDependency */ = {
			isa = PBXTargetDependency;
			target = 337F861F28A58383000CD214 /* WorldTrotter2 */;
			targetProxy = 337F864128A58384000CD214 /* PBXContainerItemProxy */;
		};
/* End PBXTargetDependency section */

/* Begin PBXVariantGroup section */
		337F862928A58383000CD214 /* Main.storyboard */ = {
			isa = PBXVariantGroup;
			children = (
				337F862A28A58383000CD214 /* Base */,
			);
			name = Main.storyboard;
			sourceTree = "<group>";
		};
		337F862E28A58384000CD214 /* LaunchScreen.storyboard */ = {
			isa = PBXVariantGroup;
			children = (
				337F862F28A58384000CD214 /* Base */,
			);
			name = LaunchScreen.storyboard;
			sourceTree = "<group>";
		};
/* End PBXVariantGroup section */

/* Begin XCBuildConfiguration section */
		337F864828A58384000CD214 /* Debug */ = {
			isa = XCBuildConfiguration;
			buildSettings = {
				ALWAYS_SEARCH_USER_PATHS = NO;
				CLANG_ANALYZER_NONNULL = YES;
				CLANG_ANALYZER_NUMBER_OBJECT_CONVERSION = YES_AGGRESSIVE;
				CLANG_CXX_LANGUAGE_STANDARD = "gnu++17";
				CLANG_ENABLE_MODULES = YES;
				CLANG_ENABLE_OBJC_ARC = YES;
				CLANG_ENABLE_OBJC_WEAK = YES;
				CLANG_WARN_BLOCK_CAPTURE_AUTORELEASING = YES;
				CLANG_WARN_BOOL_CONVERSION = YES;
				CLANG_WARN_COMMA = YES;
				CLANG_WARN_CONSTANT_CONVERSION = YES;
				CLANG_WARN_DEPRECATED_OBJC_IMPLEMENTATIONS = YES;
				CLANG_WARN_DIRECT_OBJC_ISA_USAGE = YES_ERROR;
				CLANG_WARN_DOCUMENTATION_COMMENTS = YES;
				CLANG_WARN_EMPTY_BODY = YES;
				CLANG_WARN_ENUM_CONVERSION = YES;
				CLANG_WARN_INFINITE_RECURSION = YES;
				CLANG_WARN_INT_CONVERSION = YES;
				CLANG_WARN_NON_LITERAL_NULL_CONVERSION = YES;
				CLANG_WARN_OBJC_IMPLICIT_RETAIN_SELF = YES;
				CLANG_WARN_OBJC_LITERAL_CONVERSION = YES;
				CLANG_WARN_OBJC_ROOT_CLASS = YES_ERROR;
				CLANG_WARN_QUOTED_INCLUDE_IN_FRAMEWORK_HEADER = YES;
				CLANG_WARN_RANGE_LOOP_ANALYSIS = YES;
				CLANG_WARN_STRICT_PROTOTYPES = YES;
				CLANG_WARN_SUSPICIOUS_MOVE = YES;
				CLANG_WARN_UNGUARDED_AVAILABILITY = YES_AGGRESSIVE;
				CLANG_WARN_UNREACHABLE_CODE = YES;
				CLANG_WARN__DUPLICATE_METHOD_MATCH = YES;
				COPY_PHASE_STRIP = NO;
				DEBUG_INFORMATION_FORMAT = dwarf;
				ENABLE_STRICT_OBJC_MSGSEND = YES;
				ENABLE_TESTABILITY = YES;
				GCC_C_LANGUAGE_STANDARD = gnu11;
				GCC_DYNAMIC_NO_PIC = NO;
				GCC_NO_COMMON_BLOCKS = YES;
				GCC_OPTIMIZATION_LEVEL = 0;
				GCC_PREPROCESSOR_DEFINITIONS = (
					"DEBUG=1",
					"$(inherited)",
				);
				GCC_WARN_64_TO_32_BIT_CONVERSION = YES;
				GCC_WARN_ABOUT_RETURN_TYPE = YES_ERROR;
				GCC_WARN_UNDECLARED_SELECTOR = YES;
				GCC_WARN_UNINITIALIZED_AUTOS = YES_AGGRESSIVE;
				GCC_WARN_UNUSED_FUNCTION = YES;
				GCC_WARN_UNUSED_VARIABLE = YES;
				IPHONEOS_DEPLOYMENT_TARGET = 16.0;
				MTL_ENABLE_DEBUG_INFO = INCLUDE_SOURCE;
				MTL_FAST_MATH = YES;
				ONLY_ACTIVE_ARCH = YES;
				SDKROOT = iphoneos;
				SWIFT_ACTIVE_COMPILATION_CONDITIONS = DEBUG;
				SWIFT_OPTIMIZATION_LEVEL = "-Onone";
			};
			name = Debug;
		};
		337F864928A58384000CD214 /* Release */ = {
			isa = XCBuildConfiguration;
			buildSettings = {
				ALWAYS_SEARCH_USER_PATHS = NO;
				CLANG_ANALYZER_NONNULL = YES;
				CLANG_ANALYZER_NUMBER_OBJECT_CONVERSION = YES_AGGRESSIVE;
				CLANG_CXX_LANGUAGE_STANDARD = "gnu++17";
				CLANG_ENABLE_MODULES = YES;
				CLANG_ENABLE_OBJC_ARC = YES;
				CLANG_ENABLE_OBJC_WEAK = YES;
				CLANG_WARN_BLOCK_CAPTURE_AUTORELEASING = YES;
				CLANG_WARN_BOOL_CONVERSION = YES;
				CLANG_WARN_COMMA = YES;
				CLANG_WARN_CONSTANT_CONVERSION = YES;
				CLANG_WARN_DEPRECATED_OBJC_IMPLEMENTATIONS = YES;
				CLANG_WARN_DIRECT_OBJC_ISA_USAGE = YES_ERROR;
				CLANG_WARN_DOCUMENTATION_COMMENTS = YES;
				CLANG_WARN_EMPTY_BODY = YES;
				CLANG_WARN_ENUM_CONVERSION = YES;
				CLANG_WARN_INFINITE_RECURSION = YES;
				CLANG_WARN_INT_CONVERSION = YES;
				CLANG_WARN_NON_LITERAL_NULL_CONVERSION = YES;
				CLANG_WARN_OBJC_IMPLICIT_RETAIN_SELF = YES;
				CLANG_WARN_OBJC_LITERAL_CONVERSION = YES;
				CLANG_WARN_OBJC_ROOT_CLASS = YES_ERROR;
				CLANG_WARN_QUOTED_INCLUDE_IN_FRAMEWORK_HEADER = YES;
				CLANG_WARN_RANGE_LOOP_ANALYSIS = YES;
				CLANG_WARN_STRICT_PROTOTYPES = YES;
				CLANG_WARN_SUSPICIOUS_MOVE = YES;
				CLANG_WARN_UNGUARDED_AVAILABILITY = YES_AGGRESSIVE;
				CLANG_WARN_UNREACHABLE_CODE = YES;
				CLANG_WARN__DUPLICATE_METHOD_MATCH = YES;
				COPY_PHASE_STRIP = NO;
				DEBUG_INFORMATION_FORMAT = "dwarf-with-dsym";
				ENABLE_NS_ASSERTIONS = NO;
				ENABLE_STRICT_OBJC_MSGSEND = YES;
				GCC_C_LANGUAGE_STANDARD = gnu11;
				GCC_NO_COMMON_BLOCKS = YES;
				GCC_WARN_64_TO_32_BIT_CONVERSION = YES;
				GCC_WARN_ABOUT_RETURN_TYPE = YES_ERROR;
				GCC_WARN_UNDECLARED_SELECTOR = YES;
				GCC_WARN_UNINITIALIZED_AUTOS = YES_AGGRESSIVE;
				GCC_WARN_UNUSED_FUNCTION = YES;
				GCC_WARN_UNUSED_VARIABLE = YES;
				IPHONEOS_DEPLOYMENT_TARGET = 16.0;
				MTL_ENABLE_DEBUG_INFO = NO;
				MTL_FAST_MATH = YES;
				SDKROOT = iphoneos;
				SWIFT_COMPILATION_MODE = wholemodule;
				SWIFT_OPTIMIZATION_LEVEL = "-O";
				VALIDATE_PRODUCT = YES;
			};
			name = Release;
		};
		337F864B28A58384000CD214 /* Debug */ = {
			isa = XCBuildConfiguration;
			buildSettings = {
				ASSETCATALOG_COMPILER_APPICON_NAME = AppIcon;
				ASSETCATALOG_COMPILER_GLOBAL_ACCENT_COLOR_NAME = AccentColor;
				CODE_SIGN_STYLE = Automatic;
				CURRENT_PROJECT_VERSION = 1;
				DEVELOPMENT_TEAM = 6DWJWLSP44;
				GENERATE_INFOPLIST_FILE = YES;
				INFOPLIST_FILE = WorldTrotter2/Info.plist;
				INFOPLIST_KEY_UIApplicationSupportsIndirectInputEvents = YES;
				INFOPLIST_KEY_UILaunchStoryboardName = LaunchScreen;
				INFOPLIST_KEY_UIMainStoryboardFile = Main;
				INFOPLIST_KEY_UISupportedInterfaceOrientations_iPad = "UIInterfaceOrientationPortrait UIInterfaceOrientationPortraitUpsideDown UIInterfaceOrientationLandscapeLeft UIInterfaceOrientationLandscapeRight";
				INFOPLIST_KEY_UISupportedInterfaceOrientations_iPhone = "UIInterfaceOrientationPortrait UIInterfaceOrientationLandscapeLeft UIInterfaceOrientationLandscapeRight";
				LD_RUNPATH_SEARCH_PATHS = (
					"$(inherited)",
					"@executable_path/Frameworks",
				);
				MARKETING_VERSION = 1.0;
				PRODUCT_BUNDLE_IDENTIFIER = daniel.WorldTrotter2;
				PRODUCT_NAME = "$(TARGET_NAME)";
				SWIFT_EMIT_LOC_STRINGS = YES;
				SWIFT_VERSION = 5.0;
				TARGETED_DEVICE_FAMILY = "1,2";
			};
			name = Debug;
		};
		337F864C28A58384000CD214 /* Release */ = {
			isa = XCBuildConfiguration;
			buildSettings = {
				ASSETCATALOG_COMPILER_APPICON_NAME = AppIcon;
				ASSETCATALOG_COMPILER_GLOBAL_ACCENT_COLOR_NAME = AccentColor;
				CODE_SIGN_STYLE = Automatic;
				CURRENT_PROJECT_VERSION = 1;
				DEVELOPMENT_TEAM = 6DWJWLSP44;
				GENERATE_INFOPLIST_FILE = YES;
				INFOPLIST_FILE = WorldTrotter2/Info.plist;
				INFOPLIST_KEY_UIApplicationSupportsIndirectInputEvents = YES;
				INFOPLIST_KEY_UILaunchStoryboardName = LaunchScreen;
				INFOPLIST_KEY_UIMainStoryboardFile = Main;
				INFOPLIST_KEY_UISupportedInterfaceOrientations_iPad = "UIInterfaceOrientationPortrait UIInterfaceOrientationPortraitUpsideDown UIInterfaceOrientationLandscapeLeft UIInterfaceOrientationLandscapeRight";
				INFOPLIST_KEY_UISupportedInterfaceOrientations_iPhone = "UIInterfaceOrientationPortrait UIInterfaceOrientationLandscapeLeft UIInterfaceOrientationLandscapeRight";
				LD_RUNPATH_SEARCH_PATHS = (
					"$(inherited)",
					"@executable_path/Frameworks",
				);
				MARKETING_VERSION = 1.0;
				PRODUCT_BUNDLE_IDENTIFIER = daniel.WorldTrotter2;
				PRODUCT_NAME = "$(TARGET_NAME)";
				SWIFT_EMIT_LOC_STRINGS = YES;
				SWIFT_VERSION = 5.0;
				TARGETED_DEVICE_FAMILY = "1,2";
			};
			name = Release;
		};
		337F864E28A58384000CD214 /* Debug */ = {
			isa = XCBuildConfiguration;
			buildSettings = {
				ALWAYS_EMBED_SWIFT_STANDARD_LIBRARIES = YES;
				BUNDLE_LOADER = "$(TEST_HOST)";
				CODE_SIGN_STYLE = Automatic;
				CURRENT_PROJECT_VERSION = 1;
				DEVELOPMENT_TEAM = 6DWJWLSP44;
				GENERATE_INFOPLIST_FILE = YES;
				IPHONEOS_DEPLOYMENT_TARGET = 16.0;
				MARKETING_VERSION = 1.0;
				PRODUCT_BUNDLE_IDENTIFIER = daniel.WorldTrotter2Tests;
				PRODUCT_NAME = "$(TARGET_NAME)";
				SWIFT_EMIT_LOC_STRINGS = NO;
				SWIFT_VERSION = 5.0;
				TARGETED_DEVICE_FAMILY = "1,2";
				TEST_HOST = "$(BUILT_PRODUCTS_DIR)/WorldTrotter2.app/$(BUNDLE_EXECUTABLE_FOLDER_PATH)/WorldTrotter2";
			};
			name = Debug;
		};
		337F864F28A58384000CD214 /* Release */ = {
			isa = XCBuildConfiguration;
			buildSettings = {
				ALWAYS_EMBED_SWIFT_STANDARD_LIBRARIES = YES;
				BUNDLE_LOADER = "$(TEST_HOST)";
				CODE_SIGN_STYLE = Automatic;
				CURRENT_PROJECT_VERSION = 1;
				DEVELOPMENT_TEAM = 6DWJWLSP44;
				GENERATE_INFOPLIST_FILE = YES;
				IPHONEOS_DEPLOYMENT_TARGET = 16.0;
				MARKETING_VERSION = 1.0;
				PRODUCT_BUNDLE_IDENTIFIER = daniel.WorldTrotter2Tests;
				PRODUCT_NAME = "$(TARGET_NAME)";
				SWIFT_EMIT_LOC_STRINGS = NO;
				SWIFT_VERSION = 5.0;
				TARGETED_DEVICE_FAMILY = "1,2";
				TEST_HOST = "$(BUILT_PRODUCTS_DIR)/WorldTrotter2.app/$(BUNDLE_EXECUTABLE_FOLDER_PATH)/WorldTrotter2";
			};
			name = Release;
		};
		337F865128A58384000CD214 /* Debug */ = {
			isa = XCBuildConfiguration;
			buildSettings = {
				ALWAYS_EMBED_SWIFT_STANDARD_LIBRARIES = YES;
				CODE_SIGN_STYLE = Automatic;
				CURRENT_PROJECT_VERSION = 1;
				DEVELOPMENT_TEAM = 6DWJWLSP44;
				GENERATE_INFOPLIST_FILE = YES;
				MARKETING_VERSION = 1.0;
				PRODUCT_BUNDLE_IDENTIFIER = daniel.WorldTrotter2UITests;
				PRODUCT_NAME = "$(TARGET_NAME)";
				SWIFT_EMIT_LOC_STRINGS = NO;
				SWIFT_VERSION = 5.0;
				TARGETED_DEVICE_FAMILY = "1,2";
				TEST_TARGET_NAME = WorldTrotter2;
			};
			name = Debug;
		};
		337F865228A58384000CD214 /* Release */ = {
			isa = XCBuildConfiguration;
			buildSettings = {
				ALWAYS_EMBED_SWIFT_STANDARD_LIBRARIES = YES;
				CODE_SIGN_STYLE = Automatic;
				CURRENT_PROJECT_VERSION = 1;
				DEVELOPMENT_TEAM = 6DWJWLSP44;
				GENERATE_INFOPLIST_FILE = YES;
				MARKETING_VERSION = 1.0;
				PRODUCT_BUNDLE_IDENTIFIER = daniel.WorldTrotter2UITests;
				PRODUCT_NAME = "$(TARGET_NAME)";
				SWIFT_EMIT_LOC_STRINGS = NO;
				SWIFT_VERSION = 5.0;
				TARGETED_DEVICE_FAMILY = "1,2";
				TEST_TARGET_NAME = WorldTrotter2;
			};
			name = Release;
		};
/* End XCBuildConfiguration section */

/* Begin XCConfigurationList section */
		337F861B28A58383000CD214 /* Build configuration list for PBXProject "WorldTrotter2" */ = {
			isa = XCConfigurationList;
			buildConfigurations = (
				337F864828A58384000CD214 /* Debug */,
				337F864928A58384000CD214 /* Release */,
			);
			defaultConfigurationIsVisible = 0;
			defaultConfigurationName = Release;
		};
		337F864A28A58384000CD214 /* Build configuration list for PBXNativeTarget "WorldTrotter2" */ = {
			isa = XCConfigurationList;
			buildConfigurations = (
				337F864B28A58384000CD214 /* Debug */,
				337F864C28A58384000CD214 /* Release */,
			);
			defaultConfigurationIsVisible = 0;
			defaultConfigurationName = Release;
		};
		337F864D28A58384000CD214 /* Build configuration list for PBXNativeTarget "WorldTrotter2Tests" */ = {
			isa = XCConfigurationList;
			buildConfigurations = (
				337F864E28A58384000CD214 /* Debug */,
				337F864F28A58384000CD214 /* Release */,
			);
			defaultConfigurationIsVisible = 0;
			defaultConfigurationName = Release;
		};
		337F865028A58384000CD214 /* Build configuration list for PBXNativeTarget "WorldTrotter2UITests" */ = {
			isa = XCConfigurationList;
			buildConfigurations = (
				337F865128A58384000CD214 /* Debug */,
				337F865228A58384000CD214 /* Release */,
			);
			defaultConfigurationIsVisible = 0;
			defaultConfigurationName = Release;
		};
/* End XCConfigurationList section */
	};
	rootObject = 337F861828A58383000CD214 /* Project object */;
}
